// !$*UTF8*$!
{
	archiveVersion = 1;
	classes = {
	};
	objectVersion = 50;
	objects = {

/* Begin PBXBuildFile section */
		061A0545246E275200CCFC1A /* GeneralPreferences.swift in Sources */ = {isa = PBXBuildFile; fileRef = 061A0544246E275200CCFC1A /* GeneralPreferences.swift */; };
		06996D2D223DDBEB001507AD /* Summoner.swift in Sources */ = {isa = PBXBuildFile; fileRef = 06996D2C223DDBEB001507AD /* Summoner.swift */; };
		06996D36223DEDA3001507AD /* MASShortcut.framework in Frameworks */ = {isa = PBXBuildFile; fileRef = 06996D35223DEDA3001507AD /* MASShortcut.framework */; };
		06996D37223DEDA3001507AD /* MASShortcut.framework in Embed Frameworks */ = {isa = PBXBuildFile; fileRef = 06996D35223DEDA3001507AD /* MASShortcut.framework */; settings = {ATTRIBUTES = (CodeSignOnCopy, RemoveHeadersOnCopy, ); }; };
		06996D39223DEDC8001507AD /* MASShortcut.framework.dSYM in CopyFiles */ = {isa = PBXBuildFile; fileRef = 06996D38223DEDC8001507AD /* MASShortcut.framework.dSYM */; };
		06996D3C223DEF54001507AD /* PreferencesWindowController.swift in Sources */ = {isa = PBXBuildFile; fileRef = 06996D3A223DEF54001507AD /* PreferencesWindowController.swift */; };
		06996D3D223DEF54001507AD /* PreferencesWindowController.xib in Resources */ = {isa = PBXBuildFile; fileRef = 06996D3B223DEF54001507AD /* PreferencesWindowController.xib */; };
		06B5A71A21D2013D007823B2 /* user-scripts in Resources */ = {isa = PBXBuildFile; fileRef = 06B5A71921D2013D007823B2 /* user-scripts */; };
		06B5A73121D354FC007823B2 /* DocumentationWindows.swift in Sources */ = {isa = PBXBuildFile; fileRef = 06B5A73021D354FC007823B2 /* DocumentationWindows.swift */; };
		06B5A73321D35552007823B2 /* Documentation.swift in Sources */ = {isa = PBXBuildFile; fileRef = 06B5A73221D35552007823B2 /* Documentation.swift */; };
		06B5A73521D36637007823B2 /* DefaultsKit.framework in Frameworks */ = {isa = PBXBuildFile; fileRef = 06B5A73421D36637007823B2 /* DefaultsKit.framework */; };
		06B5A73621D36637007823B2 /* DefaultsKit.framework in Embed Frameworks */ = {isa = PBXBuildFile; fileRef = 06B5A73421D36637007823B2 /* DefaultsKit.framework */; settings = {ATTRIBUTES = (CodeSignOnCopy, RemoveHeadersOnCopy, ); }; };
		06B5A73921D3665C007823B2 /* DefaultsKit.framework.dSYM in CopyFiles */ = {isa = PBXBuildFile; fileRef = 06B5A73821D3665C007823B2 /* DefaultsKit.framework.dSYM */; };
		06B5A73B21D36680007823B2 /* Storage.swift in Sources */ = {isa = PBXBuildFile; fileRef = 06B5A73A21D36680007823B2 /* Storage.swift */; };
		06CAA897223E6ACB00B296AC /* URLEventHandler.swift in Sources */ = {isa = PBXBuildFile; fileRef = 06CAA896223E6ACB00B296AC /* URLEventHandler.swift */; };
		06CFC3B8256CE31B00330C5D /* NavigationToolbarItem.swift in Sources */ = {isa = PBXBuildFile; fileRef = 06CFC3B7256CE31B00330C5D /* NavigationToolbarItem.swift */; };
		06EAE7ED21D0CB3D00F7C921 /* AppDelegate.swift in Sources */ = {isa = PBXBuildFile; fileRef = 06EAE7EC21D0CB3D00F7C921 /* AppDelegate.swift */; };
		06EAE7EF21D0CB3E00F7C921 /* Assets.xcassets in Resources */ = {isa = PBXBuildFile; fileRef = 06EAE7EE21D0CB3E00F7C921 /* Assets.xcassets */; };
		06EAE7F221D0CB3E00F7C921 /* MainMenu.xib in Resources */ = {isa = PBXBuildFile; fileRef = 06EAE7F021D0CB3E00F7C921 /* MainMenu.xib */; };
		06EAE7FB21D0CD8F00F7C921 /* DocumentationWindow.xib in Resources */ = {isa = PBXBuildFile; fileRef = 06EAE7FA21D0CD8F00F7C921 /* DocumentationWindow.xib */; };
		06EAE7FD21D0CE3E00F7C921 /* DocumentationWindowController.swift in Sources */ = {isa = PBXBuildFile; fileRef = 06EAE7FC21D0CE3E00F7C921 /* DocumentationWindowController.swift */; };
		06EAE7FF21D0FA4000F7C921 /* DocumentationViewController.swift in Sources */ = {isa = PBXBuildFile; fileRef = 06EAE7FE21D0FA4000F7C921 /* DocumentationViewController.swift */; };
		6F4E7DD5223DBDB70074E6F1 /* MASShortcut.framework.dSYM in Resources */ = {isa = PBXBuildFile; fileRef = 6F4E7DD3223DBDB70074E6F1 /* MASShortcut.framework.dSYM */; };
/* End PBXBuildFile section */

/* Begin PBXCopyFilesBuildPhase section */
		06B5A72221D34895007823B2 /* Embed Frameworks */ = {
			isa = PBXCopyFilesBuildPhase;
			buildActionMask = 2147483647;
			dstPath = "";
			dstSubfolderSpec = 10;
			files = (
				06996D37223DEDA3001507AD /* MASShortcut.framework in Embed Frameworks */,
				06B5A73621D36637007823B2 /* DefaultsKit.framework in Embed Frameworks */,
			);
			name = "Embed Frameworks";
			runOnlyForDeploymentPostprocessing = 0;
		};
		06B5A73721D36645007823B2 /* CopyFiles */ = {
			isa = PBXCopyFilesBuildPhase;
			buildActionMask = 2147483647;
			dstPath = "";
			dstSubfolderSpec = 16;
			files = (
				06B5A73921D3665C007823B2 /* DefaultsKit.framework.dSYM in CopyFiles */,
				06996D39223DEDC8001507AD /* MASShortcut.framework.dSYM in CopyFiles */,
			);
			runOnlyForDeploymentPostprocessing = 0;
		};
/* End PBXCopyFilesBuildPhase section */

/* Begin PBXFileReference section */
		061A0544246E275200CCFC1A /* GeneralPreferences.swift */ = {isa = PBXFileReference; lastKnownFileType = sourcecode.swift; path = GeneralPreferences.swift; sourceTree = "<group>"; };
		06996D2C223DDBEB001507AD /* Summoner.swift */ = {isa = PBXFileReference; lastKnownFileType = sourcecode.swift; path = Summoner.swift; sourceTree = "<group>"; };
		06996D35223DEDA3001507AD /* MASShortcut.framework */ = {isa = PBXFileReference; lastKnownFileType = wrapper.framework; name = MASShortcut.framework; path = Carthage/Build/Mac/MASShortcut.framework; sourceTree = "<group>"; };
		06996D38223DEDC8001507AD /* MASShortcut.framework.dSYM */ = {isa = PBXFileReference; lastKnownFileType = wrapper.dsym; name = MASShortcut.framework.dSYM; path = Carthage/Build/Mac/MASShortcut.framework.dSYM; sourceTree = "<group>"; };
		06996D3A223DEF54001507AD /* PreferencesWindowController.swift */ = {isa = PBXFileReference; lastKnownFileType = sourcecode.swift; path = PreferencesWindowController.swift; sourceTree = "<group>"; };
		06996D3B223DEF54001507AD /* PreferencesWindowController.xib */ = {isa = PBXFileReference; lastKnownFileType = file.xib; path = PreferencesWindowController.xib; sourceTree = "<group>"; };
		06B5A71921D2013D007823B2 /* user-scripts */ = {isa = PBXFileReference; lastKnownFileType = folder; path = "user-scripts"; sourceTree = "<group>"; };
		06B5A73021D354FC007823B2 /* DocumentationWindows.swift */ = {isa = PBXFileReference; lastKnownFileType = sourcecode.swift; path = DocumentationWindows.swift; sourceTree = "<group>"; };
		06B5A73221D35552007823B2 /* Documentation.swift */ = {isa = PBXFileReference; lastKnownFileType = sourcecode.swift; path = Documentation.swift; sourceTree = "<group>"; };
		06B5A73421D36637007823B2 /* DefaultsKit.framework */ = {isa = PBXFileReference; lastKnownFileType = wrapper.framework; name = DefaultsKit.framework; path = Carthage/Build/Mac/DefaultsKit.framework; sourceTree = "<group>"; };
		06B5A73821D3665C007823B2 /* DefaultsKit.framework.dSYM */ = {isa = PBXFileReference; lastKnownFileType = wrapper.dsym; name = DefaultsKit.framework.dSYM; path = Carthage/Build/Mac/DefaultsKit.framework.dSYM; sourceTree = "<group>"; };
		06B5A73A21D36680007823B2 /* Storage.swift */ = {isa = PBXFileReference; lastKnownFileType = sourcecode.swift; path = Storage.swift; sourceTree = "<group>"; };
		06CAA896223E6ACB00B296AC /* URLEventHandler.swift */ = {isa = PBXFileReference; lastKnownFileType = sourcecode.swift; path = URLEventHandler.swift; sourceTree = "<group>"; };
		06CFC3B7256CE31B00330C5D /* NavigationToolbarItem.swift */ = {isa = PBXFileReference; lastKnownFileType = sourcecode.swift; path = NavigationToolbarItem.swift; sourceTree = "<group>"; };
		06EAE7E921D0CB3D00F7C921 /* DevDocs.app */ = {isa = PBXFileReference; explicitFileType = wrapper.application; includeInIndex = 0; path = DevDocs.app; sourceTree = BUILT_PRODUCTS_DIR; };
		06EAE7EC21D0CB3D00F7C921 /* AppDelegate.swift */ = {isa = PBXFileReference; lastKnownFileType = sourcecode.swift; path = AppDelegate.swift; sourceTree = "<group>"; };
		06EAE7EE21D0CB3E00F7C921 /* Assets.xcassets */ = {isa = PBXFileReference; lastKnownFileType = folder.assetcatalog; path = Assets.xcassets; sourceTree = "<group>"; };
		06EAE7F121D0CB3E00F7C921 /* Base */ = {isa = PBXFileReference; lastKnownFileType = file.xib; name = Base; path = Base.lproj/MainMenu.xib; sourceTree = "<group>"; };
		06EAE7F321D0CB3E00F7C921 /* Info.plist */ = {isa = PBXFileReference; lastKnownFileType = text.plist.xml; path = Info.plist; sourceTree = "<group>"; };
		06EAE7FA21D0CD8F00F7C921 /* DocumentationWindow.xib */ = {isa = PBXFileReference; lastKnownFileType = file.xib; path = DocumentationWindow.xib; sourceTree = "<group>"; };
		06EAE7FC21D0CE3E00F7C921 /* DocumentationWindowController.swift */ = {isa = PBXFileReference; lastKnownFileType = sourcecode.swift; path = DocumentationWindowController.swift; sourceTree = "<group>"; };
		06EAE7FE21D0FA4000F7C921 /* DocumentationViewController.swift */ = {isa = PBXFileReference; lastKnownFileType = sourcecode.swift; path = DocumentationViewController.swift; sourceTree = "<group>"; };
		6F4E7DD3223DBDB70074E6F1 /* MASShortcut.framework.dSYM */ = {isa = PBXFileReference; lastKnownFileType = wrapper.dsym; name = MASShortcut.framework.dSYM; path = Carthage/Build/Mac/MASShortcut.framework.dSYM; sourceTree = "<group>"; };
		6F4E7DD8223DC1630074E6F1 /* MASShortcut.framework */ = {isa = PBXFileReference; lastKnownFileType = wrapper.framework; name = MASShortcut.framework; path = Carthage/Build/Mac/MASShortcut.framework; sourceTree = "<group>"; };
/* End PBXFileReference section */

/* Begin PBXFrameworksBuildPhase section */
		06EAE7E621D0CB3D00F7C921 /* Frameworks */ = {
			isa = PBXFrameworksBuildPhase;
			buildActionMask = 2147483647;
			files = (
				06996D36223DEDA3001507AD /* MASShortcut.framework in Frameworks */,
				06B5A73521D36637007823B2 /* DefaultsKit.framework in Frameworks */,
			);
			runOnlyForDeploymentPostprocessing = 0;
		};
/* End PBXFrameworksBuildPhase section */

/* Begin PBXGroup section */
		06B5A72921D3492F007823B2 /* Carthage */ = {
			isa = PBXGroup;
			children = (
				06B5A73421D36637007823B2 /* DefaultsKit.framework */,
				06B5A73821D3665C007823B2 /* DefaultsKit.framework.dSYM */,
				6F4E7DD8223DC1630074E6F1 /* MASShortcut.framework */,
				6F4E7DD3223DBDB70074E6F1 /* MASShortcut.framework.dSYM */,
			);
			name = Carthage;
			sourceTree = "<group>";
		};
		06EAE7E021D0CB3D00F7C921 = {
			isa = PBXGroup;
			children = (
				06996D38223DEDC8001507AD /* MASShortcut.framework.dSYM */,
				06996D35223DEDA3001507AD /* MASShortcut.framework */,
				06B5A72921D3492F007823B2 /* Carthage */,
				06EAE7EB21D0CB3D00F7C921 /* devdocs-macos */,
				06EAE7EA21D0CB3D00F7C921 /* Products */,
			);
			sourceTree = "<group>";
		};
		06EAE7EA21D0CB3D00F7C921 /* Products */ = {
			isa = PBXGroup;
			children = (
				06EAE7E921D0CB3D00F7C921 /* DevDocs.app */,
			);
			name = Products;
			sourceTree = "<group>";
		};
		06EAE7EB21D0CB3D00F7C921 /* devdocs-macos */ = {
			isa = PBXGroup;
			children = (
				06EAE7EC21D0CB3D00F7C921 /* AppDelegate.swift */,
				06EAE7EE21D0CB3E00F7C921 /* Assets.xcassets */,
				06B5A73221D35552007823B2 /* Documentation.swift */,
				06EAE7FE21D0FA4000F7C921 /* DocumentationViewController.swift */,
				06EAE7FA21D0CD8F00F7C921 /* DocumentationWindow.xib */,
				06EAE7FC21D0CE3E00F7C921 /* DocumentationWindowController.swift */,
				06B5A73021D354FC007823B2 /* DocumentationWindows.swift */,
				061A0544246E275200CCFC1A /* GeneralPreferences.swift */,
				06EAE7F021D0CB3E00F7C921 /* MainMenu.xib */,
				06CFC3B7256CE31B00330C5D /* NavigationToolbarItem.swift */,
				06996D3A223DEF54001507AD /* PreferencesWindowController.swift */,
				06996D3B223DEF54001507AD /* PreferencesWindowController.xib */,
				06B5A73A21D36680007823B2 /* Storage.swift */,
				06996D2C223DDBEB001507AD /* Summoner.swift */,
				06CAA896223E6ACB00B296AC /* URLEventHandler.swift */,
				06EAE7F321D0CB3E00F7C921 /* Info.plist */,
				06B5A71921D2013D007823B2 /* user-scripts */,
			);
			path = "devdocs-macos";
			sourceTree = "<group>";
		};
/* End PBXGroup section */

/* Begin PBXNativeTarget section */
		06EAE7E821D0CB3D00F7C921 /* DevDocs */ = {
			isa = PBXNativeTarget;
			buildConfigurationList = 06EAE7F721D0CB3E00F7C921 /* Build configuration list for PBXNativeTarget "DevDocs" */;
			buildPhases = (
				06EAE7E521D0CB3D00F7C921 /* Sources */,
				06EAE7E621D0CB3D00F7C921 /* Frameworks */,
				06EAE7E721D0CB3D00F7C921 /* Resources */,
				06B5A72221D34895007823B2 /* Embed Frameworks */,
				06B5A73721D36645007823B2 /* CopyFiles */,
			);
			buildRules = (
			);
			dependencies = (
			);
			name = DevDocs;
			productName = "devdocs-macos";
			productReference = 06EAE7E921D0CB3D00F7C921 /* DevDocs.app */;
			productType = "com.apple.product-type.application";
		};
/* End PBXNativeTarget section */

/* Begin PBXProject section */
		06EAE7E121D0CB3D00F7C921 /* Project object */ = {
			isa = PBXProject;
			attributes = {
				LastSwiftUpdateCheck = 1010;
				LastUpgradeCheck = 1220;
				ORGANIZATIONNAME = "Douglas Teoh";
				TargetAttributes = {
					06EAE7E821D0CB3D00F7C921 = {
						CreatedOnToolsVersion = 10.1;
						LastSwiftMigration = 1020;
					};
				};
			};
			buildConfigurationList = 06EAE7E421D0CB3D00F7C921 /* Build configuration list for PBXProject "DevDocs" */;
			compatibilityVersion = "Xcode 9.3";
			developmentRegion = en;
			hasScannedForEncodings = 0;
			knownRegions = (
				en,
				Base,
			);
			mainGroup = 06EAE7E021D0CB3D00F7C921;
			productRefGroup = 06EAE7EA21D0CB3D00F7C921 /* Products */;
			projectDirPath = "";
			projectRoot = "";
			targets = (
				06EAE7E821D0CB3D00F7C921 /* DevDocs */,
			);
		};
/* End PBXProject section */

/* Begin PBXResourcesBuildPhase section */
		06EAE7E721D0CB3D00F7C921 /* Resources */ = {
			isa = PBXResourcesBuildPhase;
			buildActionMask = 2147483647;
			files = (
				06EAE7EF21D0CB3E00F7C921 /* Assets.xcassets in Resources */,
				06996D3D223DEF54001507AD /* PreferencesWindowController.xib in Resources */,
				06EAE7FB21D0CD8F00F7C921 /* DocumentationWindow.xib in Resources */,
				6F4E7DD5223DBDB70074E6F1 /* MASShortcut.framework.dSYM in Resources */,
				06B5A71A21D2013D007823B2 /* user-scripts in Resources */,
				06EAE7F221D0CB3E00F7C921 /* MainMenu.xib in Resources */,
			);
			runOnlyForDeploymentPostprocessing = 0;
		};
/* End PBXResourcesBuildPhase section */

/* Begin PBXSourcesBuildPhase section */
		06EAE7E521D0CB3D00F7C921 /* Sources */ = {
			isa = PBXSourcesBuildPhase;
			buildActionMask = 2147483647;
			files = (
				06996D2D223DDBEB001507AD /* Summoner.swift in Sources */,
				06CFC3B8256CE31B00330C5D /* NavigationToolbarItem.swift in Sources */,
				06EAE7FF21D0FA4000F7C921 /* DocumentationViewController.swift in Sources */,
				06996D3C223DEF54001507AD /* PreferencesWindowController.swift in Sources */,
				06B5A73121D354FC007823B2 /* DocumentationWindows.swift in Sources */,
				06B5A73321D35552007823B2 /* Documentation.swift in Sources */,
				06EAE7FD21D0CE3E00F7C921 /* DocumentationWindowController.swift in Sources */,
				06EAE7ED21D0CB3D00F7C921 /* AppDelegate.swift in Sources */,
				06B5A73B21D36680007823B2 /* Storage.swift in Sources */,
				06CAA897223E6ACB00B296AC /* URLEventHandler.swift in Sources */,
				061A0545246E275200CCFC1A /* GeneralPreferences.swift in Sources */,
			);
			runOnlyForDeploymentPostprocessing = 0;
		};
/* End PBXSourcesBuildPhase section */

/* Begin PBXVariantGroup section */
		06EAE7F021D0CB3E00F7C921 /* MainMenu.xib */ = {
			isa = PBXVariantGroup;
			children = (
				06EAE7F121D0CB3E00F7C921 /* Base */,
			);
			name = MainMenu.xib;
			sourceTree = "<group>";
		};
/* End PBXVariantGroup section */

/* Begin XCBuildConfiguration section */
		06EAE7F521D0CB3E00F7C921 /* Debug */ = {
			isa = XCBuildConfiguration;
			buildSettings = {
				ALWAYS_SEARCH_USER_PATHS = NO;
				CLANG_ANALYZER_NONNULL = YES;
				CLANG_ANALYZER_NUMBER_OBJECT_CONVERSION = YES_AGGRESSIVE;
				CLANG_CXX_LANGUAGE_STANDARD = "gnu++14";
				CLANG_CXX_LIBRARY = "libc++";
				CLANG_ENABLE_MODULES = YES;
				CLANG_ENABLE_OBJC_ARC = YES;
				CLANG_ENABLE_OBJC_WEAK = YES;
				CLANG_WARN_BLOCK_CAPTURE_AUTORELEASING = YES;
				CLANG_WARN_BOOL_CONVERSION = YES;
				CLANG_WARN_COMMA = YES;
				CLANG_WARN_CONSTANT_CONVERSION = YES;
				CLANG_WARN_DEPRECATED_OBJC_IMPLEMENTATIONS = YES;
				CLANG_WARN_DIRECT_OBJC_ISA_USAGE = YES_ERROR;
				CLANG_WARN_DOCUMENTATION_COMMENTS = YES;
				CLANG_WARN_EMPTY_BODY = YES;
				CLANG_WARN_ENUM_CONVERSION = YES;
				CLANG_WARN_INFINITE_RECURSION = YES;
				CLANG_WARN_INT_CONVERSION = YES;
				CLANG_WARN_NON_LITERAL_NULL_CONVERSION = YES;
				CLANG_WARN_OBJC_IMPLICIT_RETAIN_SELF = YES;
				CLANG_WARN_OBJC_LITERAL_CONVERSION = YES;
				CLANG_WARN_OBJC_ROOT_CLASS = YES_ERROR;
				CLANG_WARN_QUOTED_INCLUDE_IN_FRAMEWORK_HEADER = YES;
				CLANG_WARN_RANGE_LOOP_ANALYSIS = YES;
				CLANG_WARN_STRICT_PROTOTYPES = YES;
				CLANG_WARN_SUSPICIOUS_MOVE = YES;
				CLANG_WARN_UNGUARDED_AVAILABILITY = YES_AGGRESSIVE;
				CLANG_WARN_UNREACHABLE_CODE = YES;
				CLANG_WARN__DUPLICATE_METHOD_MATCH = YES;
				CODE_SIGN_IDENTITY = "-";
				COPY_PHASE_STRIP = NO;
				DEBUG_INFORMATION_FORMAT = dwarf;
				ENABLE_STRICT_OBJC_MSGSEND = YES;
				ENABLE_TESTABILITY = YES;
				GCC_C_LANGUAGE_STANDARD = gnu11;
				GCC_DYNAMIC_NO_PIC = NO;
				GCC_NO_COMMON_BLOCKS = YES;
				GCC_OPTIMIZATION_LEVEL = 0;
				GCC_PREPROCESSOR_DEFINITIONS = (
					"DEBUG=1",
					"$(inherited)",
				);
				GCC_WARN_64_TO_32_BIT_CONVERSION = YES;
				GCC_WARN_ABOUT_RETURN_TYPE = YES_ERROR;
				GCC_WARN_UNDECLARED_SELECTOR = YES;
				GCC_WARN_UNINITIALIZED_AUTOS = YES_AGGRESSIVE;
				GCC_WARN_UNUSED_FUNCTION = YES;
				GCC_WARN_UNUSED_VARIABLE = YES;
				MACOSX_DEPLOYMENT_TARGET = 11.0;
				MTL_ENABLE_DEBUG_INFO = INCLUDE_SOURCE;
				MTL_FAST_MATH = YES;
				ONLY_ACTIVE_ARCH = YES;
				SDKROOT = macosx;
				SWIFT_ACTIVE_COMPILATION_CONDITIONS = DEBUG;
				SWIFT_OPTIMIZATION_LEVEL = "-Onone";
			};
			name = Debug;
		};
		06EAE7F621D0CB3E00F7C921 /* Release */ = {
			isa = XCBuildConfiguration;
			buildSettings = {
				ALWAYS_SEARCH_USER_PATHS = NO;
				CLANG_ANALYZER_NONNULL = YES;
				CLANG_ANALYZER_NUMBER_OBJECT_CONVERSION = YES_AGGRESSIVE;
				CLANG_CXX_LANGUAGE_STANDARD = "gnu++14";
				CLANG_CXX_LIBRARY = "libc++";
				CLANG_ENABLE_MODULES = YES;
				CLANG_ENABLE_OBJC_ARC = YES;
				CLANG_ENABLE_OBJC_WEAK = YES;
				CLANG_WARN_BLOCK_CAPTURE_AUTORELEASING = YES;
				CLANG_WARN_BOOL_CONVERSION = YES;
				CLANG_WARN_COMMA = YES;
				CLANG_WARN_CONSTANT_CONVERSION = YES;
				CLANG_WARN_DEPRECATED_OBJC_IMPLEMENTATIONS = YES;
				CLANG_WARN_DIRECT_OBJC_ISA_USAGE = YES_ERROR;
				CLANG_WARN_DOCUMENTATION_COMMENTS = YES;
				CLANG_WARN_EMPTY_BODY = YES;
				CLANG_WARN_ENUM_CONVERSION = YES;
				CLANG_WARN_INFINITE_RECURSION = YES;
				CLANG_WARN_INT_CONVERSION = YES;
				CLANG_WARN_NON_LITERAL_NULL_CONVERSION = YES;
				CLANG_WARN_OBJC_IMPLICIT_RETAIN_SELF = YES;
				CLANG_WARN_OBJC_LITERAL_CONVERSION = YES;
				CLANG_WARN_OBJC_ROOT_CLASS = YES_ERROR;
				CLANG_WARN_QUOTED_INCLUDE_IN_FRAMEWORK_HEADER = YES;
				CLANG_WARN_RANGE_LOOP_ANALYSIS = YES;
				CLANG_WARN_STRICT_PROTOTYPES = YES;
				CLANG_WARN_SUSPICIOUS_MOVE = YES;
				CLANG_WARN_UNGUARDED_AVAILABILITY = YES_AGGRESSIVE;
				CLANG_WARN_UNREACHABLE_CODE = YES;
				CLANG_WARN__DUPLICATE_METHOD_MATCH = YES;
				CODE_SIGN_IDENTITY = "-";
				COPY_PHASE_STRIP = NO;
				DEBUG_INFORMATION_FORMAT = "dwarf-with-dsym";
				ENABLE_NS_ASSERTIONS = NO;
				ENABLE_STRICT_OBJC_MSGSEND = YES;
				GCC_C_LANGUAGE_STANDARD = gnu11;
				GCC_NO_COMMON_BLOCKS = YES;
				GCC_WARN_64_TO_32_BIT_CONVERSION = YES;
				GCC_WARN_ABOUT_RETURN_TYPE = YES_ERROR;
				GCC_WARN_UNDECLARED_SELECTOR = YES;
				GCC_WARN_UNINITIALIZED_AUTOS = YES_AGGRESSIVE;
				GCC_WARN_UNUSED_FUNCTION = YES;
				GCC_WARN_UNUSED_VARIABLE = YES;
				MACOSX_DEPLOYMENT_TARGET = 11.0;
				MTL_ENABLE_DEBUG_INFO = NO;
				MTL_FAST_MATH = YES;
				SDKROOT = macosx;
				SWIFT_COMPILATION_MODE = wholemodule;
				SWIFT_OPTIMIZATION_LEVEL = "-O";
			};
			name = Release;
		};
		06EAE7F821D0CB3E00F7C921 /* Debug */ = {
			isa = XCBuildConfiguration;
			buildSettings = {
				ASSETCATALOG_COMPILER_APPICON_NAME = AppIcon;
				CODE_SIGN_STYLE = Automatic;
				COMBINE_HIDPI_IMAGES = YES;
				FRAMEWORK_SEARCH_PATHS = (
					"$(inherited)",
					"$(PROJECT_DIR)/Carthage/Build/Mac",
				);
				INFOPLIST_FILE = "devdocs-macos/Info.plist";
				LD_RUNPATH_SEARCH_PATHS = (
					"$(inherited)",
					"@executable_path/../Frameworks",
				);
				MACOSX_DEPLOYMENT_TARGET = 11.0;
				PRODUCT_BUNDLE_IDENTIFIER = "com.dteoh.devdocs-macos";
				PRODUCT_NAME = "$(TARGET_NAME)";
				SWIFT_VERSION = 5.0;
			};
			name = Debug;
		};
		06EAE7F921D0CB3E00F7C921 /* Release */ = {
			isa = XCBuildConfiguration;
			buildSettings = {
				ASSETCATALOG_COMPILER_APPICON_NAME = AppIcon;
				CODE_SIGN_STYLE = Automatic;
				COMBINE_HIDPI_IMAGES = YES;
				FRAMEWORK_SEARCH_PATHS = (
					"$(inherited)",
					"$(PROJECT_DIR)/Carthage/Build/Mac",
				);
				INFOPLIST_FILE = "devdocs-macos/Info.plist";
				LD_RUNPATH_SEARCH_PATHS = (
					"$(inherited)",
					"@executable_path/../Frameworks",
				);
				MACOSX_DEPLOYMENT_TARGET = 11.0;
				PRODUCT_BUNDLE_IDENTIFIER = "com.dteoh.devdocs-macos";
				PRODUCT_NAME = "$(TARGET_NAME)";
				SWIFT_VERSION = 5.0;
			};
			name = Release;
		};
/* End XCBuildConfiguration section */

/* Begin XCConfigurationList section */
		06EAE7E421D0CB3D00F7C921 /* Build configuration list for PBXProject "DevDocs" */ = {
			isa = XCConfigurationList;
			buildConfigurations = (
				06EAE7F521D0CB3E00F7C921 /* Debug */,
				06EAE7F621D0CB3E00F7C921 /* Release */,
			);
			defaultConfigurationIsVisible = 0;
			defaultConfigurationName = Release;
		};
		06EAE7F721D0CB3E00F7C921 /* Build configuration list for PBXNativeTarget "DevDocs" */ = {
			isa = XCConfigurationList;
			buildConfigurations = (
				06EAE7F821D0CB3E00F7C921 /* Debug */,
				06EAE7F921D0CB3E00F7C921 /* Release */,
			);
			defaultConfigurationIsVisible = 0;
			defaultConfigurationName = Release;
		};
/* End XCConfigurationList section */
	};
	rootObject = 06EAE7E121D0CB3D00F7C921 /* Project object */;
}
